
Microsoft Visual Studio Solution File, Format Version 12.00
# Visual Studio Version 16
VisualStudioVersion = 16.0.32106.194
MinimumVisualStudioVersion = 10.0.40219.1
Project("{9A19103F-16F7-4668-BE54-9A1E7A4F7556}") = "EcomPet", "EcomPet\EcomPet.csproj", "{71A832B9-9AA0-495F-BE7A-DF23584C7BA0}"
EndProject
Project("{9A19103F-16F7-4668-BE54-9A1E7A4F7556}") = "Basket.API", "Services\Basket\Basket.API\Basket.API.csproj", "{92409A78-7A4F-478C-9652-1EDBE1A41E30}"
EndProject
Project("{2150E333-8FDC-42A3-9474-1A3956D46DE8}") = "Services", "Services", "{A6266919-E1B3-4060-BE29-6FF7855D7577}"
EndProject
Project("{2150E333-8FDC-42A3-9474-1A3956D46DE8}") = "Basket", "Basket", "{A5D6F01F-B503-4EEF-9D59-720CE7E5BDA9}"
EndProject
Project("{9A19103F-16F7-4668-BE54-9A1E7A4F7556}") = "Basket.UnitTests", "Services\Basket\Basket.UnitTests\Basket.UnitTests.csproj", "{08281F39-4BC4-4E86-BDD1-43782DAAA449}"
EndProject
Project("{2150E333-8FDC-42A3-9474-1A3956D46DE8}") = "Ordering", "Ordering", "{1C9B954C-F295-4356-A4DD-BA3183055A23}"
EndProject
Project("{9A19103F-16F7-4668-BE54-9A1E7A4F7556}") = "Ordering.API", "Services\Ordering\Ordering.API\Ordering.API.csproj", "{06F64876-CB35-4DA7-B3CB-C3DCD1CACEDD}"
EndProject
Project("{9A19103F-16F7-4668-BE54-9A1E7A4F7556}") = "Ordering.Application", "Services\Ordering\Ordering.Application\Ordering.Application.csproj", "{B6AC9D28-D8A0-4CDC-B1C2-F72140509DD9}"
EndProject
Project("{9A19103F-16F7-4668-BE54-9A1E7A4F7556}") = "Ordering.Domain", "Services\Ordering\Ordering.Domain\Ordering.Domain.csproj", "{2B224B7B-8E38-4CE4-9340-FCD675711021}"
EndProject
Project("{9A19103F-16F7-4668-BE54-9A1E7A4F7556}") = "Ordering.Infrastructure", "Services\Ordering\Ordering.Infrastructure\Ordering.Infrastructure.csproj", "{115BFD15-39DF-4B5A-B9E7-DF7F9A761159}"
EndProject
Project("{2150E333-8FDC-42A3-9474-1A3956D46DE8}") = "Catalog", "Catalog", "{9F77524D-3088-4A3B-8AA2-E90A64F29BDA}"
EndProject
Project("{9A19103F-16F7-4668-BE54-9A1E7A4F7556}") = "Catalog.API", "Services\Catalog\Catalog.API\Catalog.API.csproj", "{0B761629-9B0C-4413-B295-259B7B01BA2C}"
EndProject
Project("{9A19103F-16F7-4668-BE54-9A1E7A4F7556}") = "Catalog.UnitTests", "Services\Catalog\Catalog.UnitTests\Catalog.UnitTests.csproj", "{A851989E-66FD-417D-8100-7F75658DBDB8}"
EndProject
Project("{2150E333-8FDC-42A3-9474-1A3956D46DE8}") = "Bus", "Bus", "{4056DAF1-5D80-4930-A248-B5FA374B11D8}"
EndProject
Project("{2150E333-8FDC-42A3-9474-1A3956D46DE8}") = "ApiGateways", "ApiGateways", "{B7D745C5-567E-4BA6-A96D-5796467A4CDF}"
EndProject
Project("{9A19103F-16F7-4668-BE54-9A1E7A4F7556}") = "OcelotApiGw", "ApiGateways\OcelotApiGw\OcelotApiGw.csproj", "{A5EDDD86-201E-42F5-98E1-2E0B128320D9}"
EndProject
Project("{9A19103F-16F7-4668-BE54-9A1E7A4F7556}") = "EventBus.Messages", "Bus\EventBus.Messages\EventBus.Messages.csproj", "{D6EF4ECE-0246-499A-AFF8-F776B31AC1CC}"
EndProject
Project("{E53339B2-1760-4266-BCC7-CA923CBCF16C}") = "docker-compose", "docker-compose.dcproj", "{1FD4C5BE-E7BA-41C1-9695-58415559BD3D}"
EndProject
Project("{9A19103F-16F7-4668-BE54-9A1E7A4F7556}") = "WebStatus", "WebStatus\WebStatus.csproj", "{676A72ED-9A23-4AF6-809F-306164F0BC8E}"
EndProject
Project("{9A19103F-16F7-4668-BE54-9A1E7A4F7556}") = "Common.Logging", "Bus\Common.Logging\Common.Logging.csproj", "{8FBD55DE-7338-46E6-8070-15462BF0D3A9}"
EndProject
Global
	GlobalSection(SolutionConfigurationPlatforms) = preSolution
		Debug|Any CPU = Debug|Any CPU
		Release|Any CPU = Release|Any CPU
	EndGlobalSection
	GlobalSection(ProjectConfigurationPlatforms) = postSolution
		{71A832B9-9AA0-495F-BE7A-DF23584C7BA0}.Debug|Any CPU.ActiveCfg = Debug|Any CPU
		{71A832B9-9AA0-495F-BE7A-DF23584C7BA0}.Debug|Any CPU.Build.0 = Debug|Any CPU
		{71A832B9-9AA0-495F-BE7A-DF23584C7BA0}.Release|Any CPU.ActiveCfg = Release|Any CPU
		{71A832B9-9AA0-495F-BE7A-DF23584C7BA0}.Release|Any CPU.Build.0 = Release|Any CPU
		{92409A78-7A4F-478C-9652-1EDBE1A41E30}.Debug|Any CPU.ActiveCfg = Debug|Any CPU
		{92409A78-7A4F-478C-9652-1EDBE1A41E30}.Debug|Any CPU.Build.0 = Debug|Any CPU
		{92409A78-7A4F-478C-9652-1EDBE1A41E30}.Release|Any CPU.ActiveCfg = Release|Any CPU
		{92409A78-7A4F-478C-9652-1EDBE1A41E30}.Release|Any CPU.Build.0 = Release|Any CPU
		{08281F39-4BC4-4E86-BDD1-43782DAAA449}.Debug|Any CPU.ActiveCfg = Debug|Any CPU
		{08281F39-4BC4-4E86-BDD1-43782DAAA449}.Debug|Any CPU.Build.0 = Debug|Any CPU
		{08281F39-4BC4-4E86-BDD1-43782DAAA449}.Release|Any CPU.ActiveCfg = Release|Any CPU
		{08281F39-4BC4-4E86-BDD1-43782DAAA449}.Release|Any CPU.Build.0 = Release|Any CPU
		{06F64876-CB35-4DA7-B3CB-C3DCD1CACEDD}.Debug|Any CPU.ActiveCfg = Debug|Any CPU
		{06F64876-CB35-4DA7-B3CB-C3DCD1CACEDD}.Debug|Any CPU.Build.0 = Debug|Any CPU
		{06F64876-CB35-4DA7-B3CB-C3DCD1CACEDD}.Release|Any CPU.ActiveCfg = Release|Any CPU
		{06F64876-CB35-4DA7-B3CB-C3DCD1CACEDD}.Release|Any CPU.Build.0 = Release|Any CPU
		{B6AC9D28-D8A0-4CDC-B1C2-F72140509DD9}.Debug|Any CPU.ActiveCfg = Debug|Any CPU
		{B6AC9D28-D8A0-4CDC-B1C2-F72140509DD9}.Debug|Any CPU.Build.0 = Debug|Any CPU
		{B6AC9D28-D8A0-4CDC-B1C2-F72140509DD9}.Release|Any CPU.ActiveCfg = Release|Any CPU
		{B6AC9D28-D8A0-4CDC-B1C2-F72140509DD9}.Release|Any CPU.Build.0 = Release|Any CPU
		{2B224B7B-8E38-4CE4-9340-FCD675711021}.Debug|Any CPU.ActiveCfg = Debug|Any CPU
		{2B224B7B-8E38-4CE4-9340-FCD675711021}.Debug|Any CPU.Build.0 = Debug|Any CPU
		{2B224B7B-8E38-4CE4-9340-FCD675711021}.Release|Any CPU.ActiveCfg = Release|Any CPU
		{2B224B7B-8E38-4CE4-9340-FCD675711021}.Release|Any CPU.Build.0 = Release|Any CPU
		{115BFD15-39DF-4B5A-B9E7-DF7F9A761159}.Debug|Any CPU.ActiveCfg = Debug|Any CPU
		{115BFD15-39DF-4B5A-B9E7-DF7F9A761159}.Debug|Any CPU.Build.0 = Debug|Any CPU
		{115BFD15-39DF-4B5A-B9E7-DF7F9A761159}.Release|Any CPU.ActiveCfg = Release|Any CPU
		{115BFD15-39DF-4B5A-B9E7-DF7F9A761159}.Release|Any CPU.Build.0 = Release|Any CPU
		{0B761629-9B0C-4413-B295-259B7B01BA2C}.Debug|Any CPU.ActiveCfg = Debug|Any CPU
		{0B761629-9B0C-4413-B295-259B7B01BA2C}.Debug|Any CPU.Build.0 = Debug|Any CPU
		{0B761629-9B0C-4413-B295-259B7B01BA2C}.Release|Any CPU.ActiveCfg = Release|Any CPU
		{0B761629-9B0C-4413-B295-259B7B01BA2C}.Release|Any CPU.Build.0 = Release|Any CPU
		{A851989E-66FD-417D-8100-7F75658DBDB8}.Debug|Any CPU.ActiveCfg = Debug|Any CPU
		{A851989E-66FD-417D-8100-7F75658DBDB8}.Debug|Any CPU.Build.0 = Debug|Any CPU
		{A851989E-66FD-417D-8100-7F75658DBDB8}.Release|Any CPU.ActiveCfg = Release|Any CPU
		{A851989E-66FD-417D-8100-7F75658DBDB8}.Release|Any CPU.Build.0 = Release|Any CPU
		{A5EDDD86-201E-42F5-98E1-2E0B128320D9}.Debug|Any CPU.ActiveCfg = Debug|Any CPU
		{A5EDDD86-201E-42F5-98E1-2E0B128320D9}.Debug|Any CPU.Build.0 = Debug|Any CPU
		{A5EDDD86-201E-42F5-98E1-2E0B128320D9}.Release|Any CPU.ActiveCfg = Release|Any CPU
		{A5EDDD86-201E-42F5-98E1-2E0B128320D9}.Release|Any CPU.Build.0 = Release|Any CPU
		{D6EF4ECE-0246-499A-AFF8-F776B31AC1CC}.Debug|Any CPU.ActiveCfg = Debug|Any CPU
		{D6EF4ECE-0246-499A-AFF8-F776B31AC1CC}.Debug|Any CPU.Build.0 = Debug|Any CPU
		{D6EF4ECE-0246-499A-AFF8-F776B31AC1CC}.Release|Any CPU.ActiveCfg = Release|Any CPU
		{D6EF4ECE-0246-499A-AFF8-F776B31AC1CC}.Release|Any CPU.Build.0 = Release|Any CPU
		{1FD4C5BE-E7BA-41C1-9695-58415559BD3D}.Debug|Any CPU.ActiveCfg = Debug|Any CPU
		{1FD4C5BE-E7BA-41C1-9695-58415559BD3D}.Debug|Any CPU.Build.0 = Debug|Any CPU
		{1FD4C5BE-E7BA-41C1-9695-58415559BD3D}.Release|Any CPU.ActiveCfg = Release|Any CPU
		{1FD4C5BE-E7BA-41C1-9695-58415559BD3D}.Release|Any CPU.Build.0 = Release|Any CPU
		{676A72ED-9A23-4AF6-809F-306164F0BC8E}.Debug|Any CPU.ActiveCfg = Debug|Any CPU
		{676A72ED-9A23-4AF6-809F-306164F0BC8E}.Debug|Any CPU.Build.0 = Debug|Any CPU
		{676A72ED-9A23-4AF6-809F-306164F0BC8E}.Release|Any CPU.ActiveCfg = Release|Any CPU
		{676A72ED-9A23-4AF6-809F-306164F0BC8E}.Release|Any CPU.Build.0 = Release|Any CPU
		{8FBD55DE-7338-46E6-8070-15462BF0D3A9}.Debug|Any CPU.ActiveCfg = Debug|Any CPU
		{8FBD55DE-7338-46E6-8070-15462BF0D3A9}.Debug|Any CPU.Build.0 = Debug|Any CPU
		{8FBD55DE-7338-46E6-8070-15462BF0D3A9}.Release|Any CPU.ActiveCfg = Release|Any CPU
		{8FBD55DE-7338-46E6-8070-15462BF0D3A9}.Release|Any CPU.Build.0 = Release|Any CPU
	EndGlobalSection
	GlobalSection(SolutionProperties) = preSolution
		HideSolutionNode = FALSE
	EndGlobalSection
	GlobalSection(NestedProjects) = preSolution
		{92409A78-7A4F-478C-9652-1EDBE1A41E30} = {A5D6F01F-B503-4EEF-9D59-720CE7E5BDA9}
		{A5D6F01F-B503-4EEF-9D59-720CE7E5BDA9} = {A6266919-E1B3-4060-BE29-6FF7855D7577}
		{08281F39-4BC4-4E86-BDD1-43782DAAA449} = {A5D6F01F-B503-4EEF-9D59-720CE7E5BDA9}
		{1C9B954C-F295-4356-A4DD-BA3183055A23} = {A6266919-E1B3-4060-BE29-6FF7855D7577}
		{06F64876-CB35-4DA7-B3CB-C3DCD1CACEDD} = {1C9B954C-F295-4356-A4DD-BA3183055A23}
		{B6AC9D28-D8A0-4CDC-B1C2-F72140509DD9} = {1C9B954C-F295-4356-A4DD-BA3183055A23}
		{2B224B7B-8E38-4CE4-9340-FCD675711021} = {1C9B954C-F295-4356-A4DD-BA3183055A23}
		{115BFD15-39DF-4B5A-B9E7-DF7F9A761159} = {1C9B954C-F295-4356-A4DD-BA3183055A23}
		{9F77524D-3088-4A3B-8AA2-E90A64F29BDA} = {A6266919-E1B3-4060-BE29-6FF7855D7577}
		{0B761629-9B0C-4413-B295-259B7B01BA2C} = {9F77524D-3088-4A3B-8AA2-E90A64F29BDA}
		{A851989E-66FD-417D-8100-7F75658DBDB8} = {9F77524D-3088-4A3B-8AA2-E90A64F29BDA}
		{A5EDDD86-201E-42F5-98E1-2E0B128320D9} = {B7D745C5-567E-4BA6-A96D-5796467A4CDF}
		{D6EF4ECE-0246-499A-AFF8-F776B31AC1CC} = {4056DAF1-5D80-4930-A248-B5FA374B11D8}
		{8FBD55DE-7338-46E6-8070-15462BF0D3A9} = {4056DAF1-5D80-4930-A248-B5FA374B11D8}
	EndGlobalSection
	GlobalSection(ExtensibilityGlobals) = postSolution
		SolutionGuid = {F4F48EE9-F451-41F3-9BDC-E1FAB6AF21C4}
	EndGlobalSection
EndGlobal
